
Microsoft Visual Studio Solution File, Format Version 12.00
# Visual Studio 15
VisualStudioVersion = 15.0.27703.2026
MinimumVisualStudioVersion = 10.0.40219.1
Project("{8BC9CEB8-8B4A-11D0-8D11-00A0C91BC942}") = "lab3", "lab3\lab3.vcxproj", "{69C3A90D-5214-4833-AB33-F56D32367A0A}"
EndProject
Global
	GlobalSection(SolutionConfigurationPlatforms) = preSolution
		Debug|x64 = Debug|x64
		Debug|x86 = Debug|x86
		Release|x64 = Release|x64
		Release|x86 = Release|x86
	EndGlobalSection
	GlobalSection(ProjectConfigurationPlatforms) = postSolution
		{69C3A90D-5214-4833-AB33-F56D32367A0A}.Debug|x64.ActiveCfg = Debug|x64
		{69C3A90D-5214-4833-AB33-F56D32367A0A}.Debug|x64.Build.0 = Debug|x64
		{69C3A90D-5214-4833-AB33-F56D32367A0A}.Debug|x86.ActiveCfg = Debug|Win32
		{69C3A90D-5214-4833-AB33-F56D32367A0A}.Debug|x86.Build.0 = Debug|Win32
		{69C3A90D-5214-4833-AB33-F56D32367A0A}.Release|x64.ActiveCfg = Release|x64
		{69C3A90D-5214-4833-AB33-F56D32367A0A}.Release|x64.Build.0 = Release|x64
		{69C3A90D-5214-4833-AB33-F56D32367A0A}.Release|x86.ActiveCfg = Release|Win32
		{69C3A90D-5214-4833-AB33-F56D32367A0A}.Release|x86.Build.0 = Release|Win32
	EndGlobalSection
	GlobalSection(SolutionProperties) = preSolution
		HideSolutionNode = FALSE
	EndGlobalSection
	GlobalSection(ExtensibilityGlobals) = postSolution
		SolutionGuid = {9D405452-BD35-4CDD-AD50-979E4A459CEC}
	EndGlobalSection
EndGlobal
